{
    "name": "typescript-with-diagnostic-filters",
    "requires": true,
    "lockfileVersion": 1,
    "dependencies": {
        "@cspotcode/source-map-consumer": {
            "version": "0.8.0",
            "resolved": "https://registry.npmjs.org/@cspotcode/source-map-consumer/-/source-map-consumer-0.8.0.tgz",
            "integrity": "sha512-41qniHzTU8yAGbCp04ohlmSrZf8bkf/iJsl3V0dRGsQN/5GFfx+LbCSsCpp2gqrqjTVg/K6O8ycoV35JIwAzAg=="
        },
        "@cspotcode/source-map-support": {
            "version": "0.7.0",
            "resolved": "https://registry.npmjs.org/@cspotcode/source-map-support/-/source-map-support-0.7.0.tgz",
            "integrity": "sha512-X4xqRHqN8ACt2aHVe51OxeA2HjbcL4MqFqXkrmQszJ1NOUuUu5u6Vqx/0lZSVNku7velL5FC/s5uEAj1lsBMhA==",
            "requires": {
                "@cspotcode/source-map-consumer": "0.8.0"
            }
        },
        "@cspotcode/zx": {
            "version": "5.0.1",
            "resolved": "https://registry.npmjs.org/@cspotcode/zx/-/zx-5.0.1.tgz",
            "integrity": "sha512-pJM5mGaUVSYUiC4a1uWG3nXaSt/6nf2IB2TLBEMZaBfdVILkHCoiujQ3HT8LRLNGteNDr6SE+l+DyELtDnqalQ==",
            "requires": {
                "@types/fs-extra": "^9.0.13",
                "@types/minimist": "^1.2.2",
                "@types/node": "^17.0",
                "@types/node-fetch": "^3.0.2",
                "globby": "^13.1.1"
            }
        },
        "@nodelib/fs.scandir": {
            "version": "2.1.5",
            "resolved": "https://registry.npmjs.org/@nodelib/fs.scandir/-/fs.scandir-2.1.5.tgz",
            "integrity": "sha512-vq24Bq3ym5HEQm2NKCr3yXDwjc7vTsEThRDnkp2DK9p1uqLR+DHurm/NOTo0KG7HYHU7eppKZj3MyqYuMBf62g==",
            "requires": {
                "@nodelib/fs.stat": "2.0.5",
                "run-parallel": "^1.1.9"
            }
        },
        "@nodelib/fs.stat": {
            "version": "2.0.5",
            "resolved": "https://registry.npmjs.org/@nodelib/fs.stat/-/fs.stat-2.0.5.tgz",
            "integrity": "sha512-RkhPPp2zrqDAQA/2jNhnztcPAlv64XdhIp7a7454A5ovI7Bukxgt7MX7udwAu3zg1DcpPU0rz3VV1SeaqvY4+A=="
        },
        "@nodelib/fs.walk": {
            "version": "1.2.8",
            "resolved": "https://registry.npmjs.org/@nodelib/fs.walk/-/fs.walk-1.2.8.tgz",
            "integrity": "sha512-oGB+UxlgWcgQkgwo8GcEGwemoTFt3FIO9ababBmaGwXIoBKZ+GTy0pP185beGg7Llih/NSHSV2XAs1lnznocSg==",
            "requires": {
                "@nodelib/fs.scandir": "2.1.5",
                "fastq": "^1.6.0"
            }
        },
        "@sindresorhus/is": {
            "version": "4.4.0",
            "resolved": "https://registry.npmjs.org/@sindresorhus/is/-/is-4.4.0.tgz",
            "integrity": "sha512-QppPM/8l3Mawvh4rn9CNEYIU9bxpXUCRMaX9yUpvBk1nMKusLKpfXGDEKExKaPhLzcn3lzil7pR6rnJ11HgeRQ=="
        },
        "@swc/core": {
            "version": "1.2.138",
            "resolved": "https://registry.npmjs.org/@swc/core/-/core-1.2.138.tgz",
            "integrity": "sha512-XMbpq6y2BiTju5KCtveM3h32Ma3chGm/fQEjErZmWNOcPIpupGLPosSU1bH35Udee4GHNJH3NfkZIDR0cjHWIg==",
            "requires": {
                "@swc/core-android-arm-eabi": "1.2.138",
                "@swc/core-android-arm64": "1.2.138",
                "@swc/core-darwin-arm64": "1.2.138",
                "@swc/core-darwin-x64": "1.2.138",
                "@swc/core-freebsd-x64": "1.2.138",
                "@swc/core-linux-arm-gnueabihf": "1.2.138",
                "@swc/core-linux-arm64-gnu": "1.2.138",
                "@swc/core-linux-arm64-musl": "1.2.138",
                "@swc/core-linux-x64-gnu": "1.2.138",
                "@swc/core-linux-x64-musl": "1.2.138",
                "@swc/core-win32-arm64-msvc": "1.2.138",
                "@swc/core-win32-ia32-msvc": "1.2.138",
                "@swc/core-win32-x64-msvc": "1.2.138"
            }
        },
        "@swc/core-android-arm-eabi": {
            "version": "1.2.138",
            "resolved": "https://registry.npmjs.org/@swc/core-android-arm-eabi/-/core-android-arm-eabi-1.2.138.tgz",
            "integrity": "sha512-N79aTHj/jZNa8nXjOrfAaYYBkJxCQ9ZVFikQKSbBETU8usk7qAWDdCs94Y0q/Sow+9uiqguRVOrPFKSrN8LMTg==",
            "optional": true
        },
        "@swc/core-android-arm64": {
            "version": "1.2.138",
            "resolved": "https://registry.npmjs.org/@swc/core-android-arm64/-/core-android-arm64-1.2.138.tgz",
            "integrity": "sha512-ZNRqTjZpNrB39pCX5OmtnNTnzU3X1GjZX2xDouS1jknEE+TPz1ZJsM4zNlz6AObd7caJhU7qRyWNDM0nlcnJZQ==",
            "optional": true
        },
        "@swc/core-darwin-arm64": {
            "version": "1.2.138",
            "resolved": "https://registry.npmjs.org/@swc/core-darwin-arm64/-/core-darwin-arm64-1.2.138.tgz",
            "integrity": "sha512-DlT0s3Iw3bmOCk4jln0Q9AC1H7q75bZojyODcPXQ2T24s6LcBeD1lNAfyQ2RmaQJTlBM04LjNYqvjA2HAR4ckw==",
            "optional": true
        },
        "@swc/core-darwin-x64": {
            "version": "1.2.138",
            "resolved": "https://registry.npmjs.org/@swc/core-darwin-x64/-/core-darwin-x64-1.2.138.tgz",
            "integrity": "sha512-+8ahwSnUTPCmpB1VkMTJdfcFU+ZGQ5JnA1dpSvDhB/u8wV2Dpk0ozpX+3xjqYXoUdhZvdHW1FxKZrhMhscJriA==",
            "optional": true
        },
        "@swc/core-freebsd-x64": {
            "version": "1.2.138",
            "resolved": "https://registry.npmjs.org/@swc/core-freebsd-x64/-/core-freebsd-x64-1.2.138.tgz",
            "integrity": "sha512-4icXrpDBN2r24PIRF2DBZ9IPgnXnEqO7/bySIUoL7ul8su2yoRP4Xp3Xi+XP+uBvtrVttwYtzGPNikVggVSK1Q==",
            "optional": true
        },
        "@swc/core-linux-arm-gnueabihf": {
            "version": "1.2.138",
            "resolved": "https://registry.npmjs.org/@swc/core-linux-arm-gnueabihf/-/core-linux-arm-gnueabihf-1.2.138.tgz",
            "integrity": "sha512-YdEKUvT9GGBEsKSyXc/YJ0cWSetBV3JhxouYLCv4AoQsTrDU5vDQDFUWlT21pzlbwC66ffbpYxnugpsqBm5XKg==",
            "optional": true
        },
        "@swc/core-linux-arm64-gnu": {
            "version": "1.2.138",
            "resolved": "https://registry.npmjs.org/@swc/core-linux-arm64-gnu/-/core-linux-arm64-gnu-1.2.138.tgz",
            "integrity": "sha512-cn/YrVvghCgSpagzHins1BQnJ07J53aCvlp57iXDA2xfH/HwXTijIy+UzqpQaLeKKQ8gMXmfzj/M7WklccN8jw==",
            "optional": true
        },
        "@swc/core-linux-arm64-musl": {
            "version": "1.2.138",
            "resolved": "https://registry.npmjs.org/@swc/core-linux-arm64-musl/-/core-linux-arm64-musl-1.2.138.tgz",
            "integrity": "sha512-aYoeZ46gaewTYYShHwlYhL8ARrLILiEnTWJFEWoUfAfbDwi4zaLyymRYmdpUyRHr+D9jloM5BKFNWnRPBTyCEg==",
            "optional": true
        },
        "@swc/core-linux-x64-gnu": {
            "version": "1.2.138",
            "resolved": "https://registry.npmjs.org/@swc/core-linux-x64-gnu/-/core-linux-x64-gnu-1.2.138.tgz",
            "integrity": "sha512-gt9qP426kkIx4Yu2Dd9U2S44OE8ynRi47rt2HvdHaBlMsGfMH28EyMet3UT61ZVHMEoDxADQctz0JD1/29Ha1Q==",
            "optional": true
        },
        "@swc/core-linux-x64-musl": {
            "version": "1.2.138",
            "resolved": "https://registry.npmjs.org/@swc/core-linux-x64-musl/-/core-linux-x64-musl-1.2.138.tgz",
            "integrity": "sha512-lySbIVGApaDQVKPwH8D+9J5dkrawJTrBm86vY7F9sDPR5yCq5Buxx6Pn1X6VKE6e5vlEEb1zbVQmCrFgdUcgig==",
            "optional": true
        },
        "@swc/core-win32-arm64-msvc": {
            "version": "1.2.138",
            "resolved": "https://registry.npmjs.org/@swc/core-win32-arm64-msvc/-/core-win32-arm64-msvc-1.2.138.tgz",
            "integrity": "sha512-UmDtaC9ds1SNNfhYrHW1JvBhy7wKb/Y9RcQOsfG3StxqqnYkOWDkQt9dY5O9lAG8Iw/TCxzjJhm6ul48eMv9OQ==",
            "optional": true
        },
        "@swc/core-win32-ia32-msvc": {
            "version": "1.2.138",
            "resolved": "https://registry.npmjs.org/@swc/core-win32-ia32-msvc/-/core-win32-ia32-msvc-1.2.138.tgz",
            "integrity": "sha512-evapKq/jVKMI5KDXUvpu3rhYf/L0VIg92TTphpxJSNjo7k5w9n68RY3MXtm1BmtCR4ZWtx0OEXzr9ckUDcqZDA==",
            "optional": true
        },
        "@swc/core-win32-x64-msvc": {
            "version": "1.2.138",
            "resolved": "https://registry.npmjs.org/@swc/core-win32-x64-msvc/-/core-win32-x64-msvc-1.2.138.tgz",
            "integrity": "sha512-wYrARtnPg/svsQd0oovbth2JAhOugAgbnaOS0CMiWB4vaFBx+1GHJl5wzdhh9jt1kzsu4xZ4237tUeMH+s6d0A==",
            "optional": true
        },
        "@szmarczak/http-timer": {
            "version": "5.0.1",
            "resolved": "https://registry.npmjs.org/@szmarczak/http-timer/-/http-timer-5.0.1.tgz",
            "integrity": "sha512-+PmQX0PiAYPMeVYe237LJAYvOMYW1j2rH5YROyS3b4CTVJum34HfRvKvAzozHAQG0TnHNdUfY9nCeUyRAs//cw==",
            "requires": {
                "defer-to-connect": "^2.0.1"
            }
        },
        "@ts-morph/common": {
            "version": "0.12.3",
            "resolved": "https://registry.npmjs.org/@ts-morph/common/-/common-0.12.3.tgz",
            "integrity": "sha512-4tUmeLyXJnJWvTFOKtcNJ1yh0a3SsTLi2MUoyj8iUNznFRN1ZquaNe7Oukqrnki2FzZkm0J9adCNLDZxUzvj+w==",
            "requires": {
                "fast-glob": "^3.2.7",
                "minimatch": "^3.0.4",
                "mkdirp": "^1.0.4",
                "path-browserify": "^1.0.1"
            }
        },
        "@tsconfig/node10": {
            "version": "1.0.8",
            "resolved": "https://registry.npmjs.org/@tsconfig/node10/-/node10-1.0.8.tgz",
            "integrity": "sha512-6XFfSQmMgq0CFLY1MslA/CPUfhIL919M1rMsa5lP2P097N2Wd1sSX0tx1u4olM16fLNhtHZpRhedZJphNJqmZg=="
        },
        "@tsconfig/node12": {
            "version": "1.0.9",
            "resolved": "https://registry.npmjs.org/@tsconfig/node12/-/node12-1.0.9.tgz",
            "integrity": "sha512-/yBMcem+fbvhSREH+s14YJi18sp7J9jpuhYByADT2rypfajMZZN4WQ6zBGgBKp53NKmqI36wFYDb3yaMPurITw=="
        },
        "@tsconfig/node14": {
            "version": "1.0.1",
            "resolved": "https://registry.npmjs.org/@tsconfig/node14/-/node14-1.0.1.tgz",
            "integrity": "sha512-509r2+yARFfHHE7T6Puu2jjkoycftovhXRqW328PDXTVGKihlb1P8Z9mMZH04ebyajfRY7dedfGynlrFHJUQCg=="
        },
        "@tsconfig/node16": {
            "version": "1.0.2",
            "resolved": "https://registry.npmjs.org/@tsconfig/node16/-/node16-1.0.2.tgz",
            "integrity": "sha512-eZxlbI8GZscaGS7kkc/trHTT5xgrjH3/1n2JDwusC9iahPKWMRvRjJSAN5mCXviuTGQ/lHnhvv8Q1YTpnfz9gA=="
        },
        "@types/cacheable-request": {
            "version": "6.0.2",
            "resolved": "https://registry.npmjs.org/@types/cacheable-request/-/cacheable-request-6.0.2.tgz",
            "integrity": "sha512-B3xVo+dlKM6nnKTcmm5ZtY/OL8bOAOd2Olee9M1zft65ox50OzjEHW91sDiU9j6cvW8Ejg1/Qkf4xd2kugApUA==",
            "requires": {
                "@types/http-cache-semantics": "*",
                "@types/keyv": "*",
                "@types/node": "*",
                "@types/responselike": "*"
            }
        },
        "@types/fs-extra": {
            "version": "9.0.13",
            "resolved": "https://registry.npmjs.org/@types/fs-extra/-/fs-extra-9.0.13.tgz",
            "integrity": "sha512-nEnwB++1u5lVDM2UI4c1+5R+FYaKfaAzS4OococimjVm3nQw3TuzH5UNsocrcTBbhnerblyHj4A49qXbIiZdpA==",
            "requires": {
                "@types/node": "*"
            }
        },
        "@types/http-cache-semantics": {
            "version": "4.0.1",
            "resolved": "https://registry.npmjs.org/@types/http-cache-semantics/-/http-cache-semantics-4.0.1.tgz",
            "integrity": "sha512-SZs7ekbP8CN0txVG2xVRH6EgKmEm31BOxA07vkFaETzZz1xh+cbt8BcI0slpymvwhx5dlFnQG2rTlPVQn+iRPQ=="
        },
        "@types/keyv": {
            "version": "3.1.3",
            "resolved": "https://registry.npmjs.org/@types/keyv/-/keyv-3.1.3.tgz",
            "integrity": "sha512-FXCJgyyN3ivVgRoml4h94G/p3kY+u/B86La+QptcqJaWtBWtmc6TtkNfS40n9bIvyLteHh7zXOtgbobORKPbDg==",
            "requires": {
                "@types/node": "*"
            }
        },
        "@types/lodash": {
            "version": "4.14.178",
            "resolved": "https://registry.npmjs.org/@types/lodash/-/lodash-4.14.178.tgz",
            "integrity": "sha512-0d5Wd09ItQWH1qFbEyQ7oTQ3GZrMfth5JkbN3EvTKLXcHLRDSXeLnlvlOn0wvxVIwK5o2M8JzP/OWz7T3NRsbw=="
        },
        "@types/minimist": {
            "version": "1.2.2",
            "resolved": "https://registry.npmjs.org/@types/minimist/-/minimist-1.2.2.tgz",
            "integrity": "sha512-jhuKLIRrhvCPLqwPcx6INqmKeiA5EWrsCOPhrlFSrbrmU4ZMPjj5Ul/oLCMDO98XRUIwVm78xICz4EPCektzeQ=="
        },
        "@types/node": {
            "version": "17.0.16",
            "resolved": "https://registry.npmjs.org/@types/node/-/node-17.0.16.tgz",
            "integrity": "sha512-ydLaGVfQOQ6hI1xK2A5nVh8bl0OGoIfYMxPWHqqYe9bTkWCfqiVvZoh2I/QF2sNSkZzZyROBoTefIEI+PB6iIA=="
        },
        "@types/node-fetch": {
            "version": "3.0.3",
            "resolved": "https://registry.npmjs.org/@types/node-fetch/-/node-fetch-3.0.3.tgz",
            "integrity": "sha512-HhggYPH5N+AQe/OmN6fmhKmRRt2XuNJow+R3pQwJxOOF9GuwM7O2mheyGeIrs5MOIeNjDEdgdoyHBOrFeJBR3g==",
            "requires": {
                "node-fetch": "*"
            }
        },
        "@types/responselike": {
            "version": "1.0.0",
            "resolved": "https://registry.npmjs.org/@types/responselike/-/responselike-1.0.0.tgz",
            "integrity": "sha512-85Y2BjiufFzaMIlvJDvTTB8Fxl2xfLo4HgmHzVBz08w4wDePCTjYw66PdrolO0kzli3yam/YCgRufyo1DdQVTA==",
            "requires": {
                "@types/node": "*"
            }
        },
        "acorn": {
            "version": "8.7.0",
            "resolved": "https://registry.npmjs.org/acorn/-/acorn-8.7.0.tgz",
            "integrity": "sha512-V/LGr1APy+PXIwKebEWrkZPwoeoF+w1jiOBUmuxuiUIaOHtob8Qc9BTrYo7VuI5fR8tqsy+buA2WFooR5olqvQ=="
        },
        "acorn-walk": {
            "version": "8.2.0",
            "resolved": "https://registry.npmjs.org/acorn-walk/-/acorn-walk-8.2.0.tgz",
            "integrity": "sha512-k+iyHEuPgSw6SbuDpGQM+06HQUa04DZ3o+F6CSzXMvvI5KMvnaEqXe+YVe555R9nn6GPt404fos4wcgpw12SDA=="
        },
        "arg": {
            "version": "4.1.3",
            "resolved": "https://registry.npmjs.org/arg/-/arg-4.1.3.tgz",
            "integrity": "sha512-58S9QDqG0Xx27YwPSt9fJxivjYl432YCwfDMfZ+71RAqUrZef7LrKQZ3LHLOwCS4FLNBplP533Zx895SeOCHvA=="
        },
        "balanced-match": {
            "version": "1.0.2",
            "resolved": "https://registry.npmjs.org/balanced-match/-/balanced-match-1.0.2.tgz",
            "integrity": "sha512-3oSeUO0TMV67hN1AmbXsK4yaqU7tjiHlbxRDZOpH0KW9+CeX4bRAaX0Anxt0tx2MrpRpWwQaPwIlISEJhYU5Pw=="
        },
        "brace-expansion": {
            "version": "1.1.11",
            "resolved": "https://registry.npmjs.org/brace-expansion/-/brace-expansion-1.1.11.tgz",
            "integrity": "sha512-iCuPHDFgrHX7H2vEI/5xpz07zSHB00TpugqhmYtVmMO6518mCuRMoOYFldEBl0g187ufozdaHgWKcYFb61qGiA==",
            "requires": {
                "balanced-match": "^1.0.0",
                "concat-map": "0.0.1"
            }
        },
        "braces": {
            "version": "3.0.2",
            "resolved": "https://registry.npmjs.org/braces/-/braces-3.0.2.tgz",
            "integrity": "sha512-b8um+L1RzM3WDSzvhm6gIz1yfTbBt6YTlcEKAvsmqCZZFw46z626lVj9j1yEPW33H5H+lBQpZMP1k8l+78Ha0A==",
            "requires": {
                "fill-range": "^7.0.1"
            }
        },
        "cacheable-lookup": {
            "version": "6.0.4",
            "resolved": "https://registry.npmjs.org/cacheable-lookup/-/cacheable-lookup-6.0.4.tgz",
            "integrity": "sha512-mbcDEZCkv2CZF4G01kr8eBd/5agkt9oCqz75tJMSIsquvRZ2sL6Hi5zGVKi/0OSC9oO1GHfJ2AV0ZIOY9vye0A=="
        },
        "cacheable-request": {
            "version": "7.0.2",
            "resolved": "https://registry.npmjs.org/cacheable-request/-/cacheable-request-7.0.2.tgz",
            "integrity": "sha512-pouW8/FmiPQbuGpkXQ9BAPv/Mo5xDGANgSNXzTzJ8DrKGuXOssM4wIQRjfanNRh3Yu5cfYPvcorqbhg2KIJtew==",
            "requires": {
                "clone-response": "^1.0.2",
                "get-stream": "^5.1.0",
                "http-cache-semantics": "^4.0.0",
                "keyv": "^4.0.0",
                "lowercase-keys": "^2.0.0",
                "normalize-url": "^6.0.1",
                "responselike": "^2.0.0"
            },
            "dependencies": {
                "get-stream": {
                    "version": "5.2.0",
                    "resolved": "https://registry.npmjs.org/get-stream/-/get-stream-5.2.0.tgz",
                    "integrity": "sha512-nBF+F1rAZVCu/p7rjzgA+Yb4lfYXrpl7a6VmJrU8wF9I1CKvP/QwPNZHnOlwbTkY6dvtFIzFMSyQXbLoTQPRpA==",
                    "requires": {
                        "pump": "^3.0.0"
                    }
                },
                "lowercase-keys": {
                    "version": "2.0.0",
                    "resolved": "https://registry.npmjs.org/lowercase-keys/-/lowercase-keys-2.0.0.tgz",
                    "integrity": "sha512-tqNXrS78oMOE73NMxK4EMLQsQowWf8jKooH9g7xPavRT706R6bkQJ6DY2Te7QukaZsulxa30wQ7bk0pm4XiHmA=="
                }
            }
        },
        "clipanion": {
            "version": "3.1.0",
            "resolved": "https://registry.npmjs.org/clipanion/-/clipanion-3.1.0.tgz",
            "integrity": "sha512-v025Hz+IDQ15FpOyK8p02h5bFznMu6rLFsJSyOPR+7WrbSnZ1Ek6pblPukV7K5tC/dsWfncQPIrJ4iUy2PXkbw==",
            "requires": {
                "typanion": "^3.3.1"
            }
        },
        "clone-response": {
            "version": "1.0.2",
            "resolved": "https://registry.npmjs.org/clone-response/-/clone-response-1.0.2.tgz",
            "integrity": "sha1-0dyXOSAxTfZ/vrlCI7TuNQI56Ws=",
            "requires": {
                "mimic-response": "^1.0.0"
            }
        },
        "code-block-writer": {
            "version": "11.0.0",
            "resolved": "https://registry.npmjs.org/code-block-writer/-/code-block-writer-11.0.0.tgz",
            "integrity": "sha512-GEqWvEWWsOvER+g9keO4ohFoD3ymwyCnqY3hoTr7GZipYFwEhMHJw+TtV0rfgRhNImM6QWZGO2XYjlJVyYT62w==",
            "requires": {
                "tslib": "2.3.1"
            }
        },
        "concat-map": {
            "version": "0.0.1",
            "resolved": "https://registry.npmjs.org/concat-map/-/concat-map-0.0.1.tgz",
            "integrity": "sha1-2Klr13/Wjfd5OnMDajug1UBdR3s="
        },
        "create-require": {
            "version": "1.1.1",
            "resolved": "https://registry.npmjs.org/create-require/-/create-require-1.1.1.tgz",
            "integrity": "sha512-dcKFX3jn0MpIaXjisoRvexIJVEKzaq7z2rZKxf+MSr9TkdmHmsU4m2lcLojrj/FHl8mk5VxMmYA+ftRkP/3oKQ=="
        },
        "data-uri-to-buffer": {
            "version": "4.0.0",
            "resolved": "https://registry.npmjs.org/data-uri-to-buffer/-/data-uri-to-buffer-4.0.0.tgz",
            "integrity": "sha512-Vr3mLBA8qWmcuschSLAOogKgQ/Jwxulv3RNE4FXnYWRGujzrRWQI4m12fQqRkwX06C0KanhLr4hK+GydchZsaA=="
        },
        "decompress-response": {
            "version": "6.0.0",
            "resolved": "https://registry.npmjs.org/decompress-response/-/decompress-response-6.0.0.tgz",
            "integrity": "sha512-aW35yZM6Bb/4oJlZncMH2LCoZtJXTRxES17vE3hoRiowU2kWHaJKFkSBDnDR+cm9J+9QhXmREyIfv0pji9ejCQ==",
            "requires": {
                "mimic-response": "^3.1.0"
            },
            "dependencies": {
                "mimic-response": {
                    "version": "3.1.0",
                    "resolved": "https://registry.npmjs.org/mimic-response/-/mimic-response-3.1.0.tgz",
                    "integrity": "sha512-z0yWI+4FDrrweS8Zmt4Ej5HdJmky15+L2e6Wgn3+iK5fWzb6T3fhNFq2+MeTRb064c6Wr4N/wv0DzQTjNzHNGQ=="
                }
            }
        },
        "defer-to-connect": {
            "version": "2.0.1",
            "resolved": "https://registry.npmjs.org/defer-to-connect/-/defer-to-connect-2.0.1.tgz",
            "integrity": "sha512-4tvttepXG1VaYGrRibk5EwJd1t4udunSOVMdLSAL6mId1ix438oPwPZMALY41FCijukO1L0twNcGsdzS7dHgDg=="
        },
        "diff": {
            "version": "4.0.2",
            "resolved": "https://registry.npmjs.org/diff/-/diff-4.0.2.tgz",
            "integrity": "sha512-58lmxKSA4BNyLz+HHMUzlOEpg09FV+ev6ZMe3vJihgdxzgcwZ8VoEEPmALCZG9LmqfVoNMMKpttIYTVG6uDY7A=="
        },
        "dir-glob": {
            "version": "3.0.1",
            "resolved": "https://registry.npmjs.org/dir-glob/-/dir-glob-3.0.1.tgz",
            "integrity": "sha512-WkrWp9GR4KXfKGYzOLmTuGVi1UWFfws377n9cc55/tb6DuqyF6pcQ5AbiHEshaDpY9v6oaSr2XCDidGmMwdzIA==",
            "requires": {
                "path-type": "^4.0.0"
            }
        },
        "end-of-stream": {
            "version": "1.4.4",
            "resolved": "https://registry.npmjs.org/end-of-stream/-/end-of-stream-1.4.4.tgz",
            "integrity": "sha512-+uw1inIHVPQoaVuHzRyXd21icM+cnt4CzD5rW+NC1wjOUSTOs+Te7FOv7AhN7vS9x/oIyhLP5PR1H+phQAHu5Q==",
            "requires": {
                "once": "^1.4.0"
            }
        },
        "esbuild": {
            "version": "0.14.21",
            "resolved": "https://registry.npmjs.org/esbuild/-/esbuild-0.14.21.tgz",
            "integrity": "sha512-7WEoNMBJdLN993dr9h0CpFHPRc3yFZD+EAVY9lg6syJJ12gc5fHq8d75QRExuhnMkT2DaRiIKFThRvDWP+fO+A==",
            "requires": {
                "esbuild-android-arm64": "0.14.21",
                "esbuild-darwin-64": "0.14.21",
                "esbuild-darwin-arm64": "0.14.21",
                "esbuild-freebsd-64": "0.14.21",
                "esbuild-freebsd-arm64": "0.14.21",
                "esbuild-linux-32": "0.14.21",
                "esbuild-linux-64": "0.14.21",
                "esbuild-linux-arm": "0.14.21",
                "esbuild-linux-arm64": "0.14.21",
                "esbuild-linux-mips64le": "0.14.21",
                "esbuild-linux-ppc64le": "0.14.21",
                "esbuild-linux-riscv64": "0.14.21",
                "esbuild-linux-s390x": "0.14.21",
                "esbuild-netbsd-64": "0.14.21",
                "esbuild-openbsd-64": "0.14.21",
                "esbuild-sunos-64": "0.14.21",
                "esbuild-windows-32": "0.14.21",
                "esbuild-windows-64": "0.14.21",
                "esbuild-windows-arm64": "0.14.21"
            }
        },
        "esbuild-android-arm64": {
            "version": "0.14.21",
            "resolved": "https://registry.npmjs.org/esbuild-android-arm64/-/esbuild-android-arm64-0.14.21.tgz",
            "integrity": "sha512-Bqgld1TY0wZv8TqiQmVxQFgYzz8ZmyzT7clXBDZFkOOdRybzsnj8AZuK1pwcLVA7Ya6XncHgJqIao7NFd3s0RQ==",
            "optional": true
        },
        "esbuild-darwin-64": {
            "version": "0.14.21",
            "resolved": "https://registry.npmjs.org/esbuild-darwin-64/-/esbuild-darwin-64-0.14.21.tgz",
            "integrity": "sha512-j+Eg+e13djzyYINVvAbOo2/zvZ2DivuJJTaBrJnJHSD7kUNuGHRkHoSfFjbI80KHkn091w350wdmXDNSgRjfYQ==",
            "optional": true
        },
        "esbuild-darwin-arm64": {
            "version": "0.14.21",
            "resolved": "https://registry.npmjs.org/esbuild-darwin-arm64/-/esbuild-darwin-arm64-0.14.21.tgz",
            "integrity": "sha512-nDNTKWDPI0RuoPj5BhcSB2z5EmZJJAyRtZLIjyXSqSpAyoB8eyAKXl4lB8U2P78Fnh4Lh1le/fmpewXE04JhBQ==",
            "optional": true
        },
        "esbuild-freebsd-64": {
            "version": "0.14.21",
            "resolved": "https://registry.npmjs.org/esbuild-freebsd-64/-/esbuild-freebsd-64-0.14.21.tgz",
            "integrity": "sha512-zIurkCHXhxELiDZtLGiexi8t8onQc2LtuE+S7457H/pP0g0MLRKMrsn/IN4LDkNe6lvBjuoZZi2OfelOHn831g==",
            "optional": true
        },
        "esbuild-freebsd-arm64": {
            "version": "0.14.21",
            "resolved": "https://registry.npmjs.org/esbuild-freebsd-arm64/-/esbuild-freebsd-arm64-0.14.21.tgz",
            "integrity": "sha512-wdxMmkJfbwcN+q85MpeUEamVZ40FNsBa9mPq8tAszDn8TRT2HoJvVRADPIIBa9SWWwlDChIMjkDKAnS3KS/sPA==",
            "optional": true
        },
        "esbuild-linux-32": {
            "version": "0.14.21",
            "resolved": "https://registry.npmjs.org/esbuild-linux-32/-/esbuild-linux-32-0.14.21.tgz",
            "integrity": "sha512-fmxvyzOPPh2xiEHojpCeIQP6pXcoKsWbz3ryDDIKLOsk4xp3GbpHIEAWP0xTeuhEbendmvBDVKbAVv3PnODXLg==",
            "optional": true
        },
        "esbuild-linux-64": {
            "version": "0.14.21",
            "resolved": "https://registry.npmjs.org/esbuild-linux-64/-/esbuild-linux-64-0.14.21.tgz",
            "integrity": "sha512-edZyNOv1ql+kpmlzdqzzDjRQYls+tSyi4QFi+PdBhATJFUqHsnNELWA9vMSzAaInPOEaVUTA5Ml28XFChcy4DA==",
            "optional": true
        },
        "esbuild-linux-arm": {
            "version": "0.14.21",
            "resolved": "https://registry.npmjs.org/esbuild-linux-arm/-/esbuild-linux-arm-0.14.21.tgz",
            "integrity": "sha512-aSU5pUueK6afqmLQsbU+QcFBT62L+4G9hHMJDHWfxgid6hzhSmfRH9U/f+ymvxsSTr/HFRU4y7ox8ZyhlVl98w==",
            "optional": true
        },
        "esbuild-linux-arm64": {
            "version": "0.14.21",
            "resolved": "https://registry.npmjs.org/esbuild-linux-arm64/-/esbuild-linux-arm64-0.14.21.tgz",
            "integrity": "sha512-t5qxRkq4zdQC0zXpzSB2bTtfLgOvR0C6BXYaRE/6/k8/4SrkZcTZBeNu+xGvwCU4b5dU9ST9pwIWkK6T1grS8g==",
            "optional": true
        },
        "esbuild-linux-mips64le": {
            "version": "0.14.21",
            "resolved": "https://registry.npmjs.org/esbuild-linux-mips64le/-/esbuild-linux-mips64le-0.14.21.tgz",
            "integrity": "sha512-jLZLQGCNlUsmIHtGqNvBs3zN+7a4D9ckf0JZ+jQTwHdZJ1SgV9mAjbB980OFo66LoY+WeM7t3WEnq3FjI1zw4A==",
            "optional": true
        },
        "esbuild-linux-ppc64le": {
            "version": "0.14.21",
            "resolved": "https://registry.npmjs.org/esbuild-linux-ppc64le/-/esbuild-linux-ppc64le-0.14.21.tgz",
            "integrity": "sha512-4TWxpK391en2UBUw6GSrukToTDu6lL9vkm3Ll40HrI08WG3qcnJu7bl8e1+GzelDsiw1QmfAY/nNvJ6iaHRpCQ==",
            "optional": true
        },
        "esbuild-linux-riscv64": {
            "version": "0.14.21",
            "resolved": "https://registry.npmjs.org/esbuild-linux-riscv64/-/esbuild-linux-riscv64-0.14.21.tgz",
            "integrity": "sha512-fElngqOaOfTsF+u+oetDLHsPG74vB2ZaGZUqmGefAJn3a5z9Z2pNa4WpVbbKgHpaAAy5tWM1m1sbGohj6Ki6+Q==",
            "optional": true
        },
        "esbuild-linux-s390x": {
            "version": "0.14.21",
            "resolved": "https://registry.npmjs.org/esbuild-linux-s390x/-/esbuild-linux-s390x-0.14.21.tgz",
            "integrity": "sha512-brleZ6R5fYv0qQ7ZBwenQmP6i9TdvJCB092c/3D3pTLQHBGHJb5zWgKxOeS7bdHzmLy6a6W7GbFk6QKpjyD6QA==",
            "optional": true
        },
        "esbuild-netbsd-64": {
            "version": "0.14.21",
            "resolved": "https://registry.npmjs.org/esbuild-netbsd-64/-/esbuild-netbsd-64-0.14.21.tgz",
            "integrity": "sha512-nCEgsLCQ8RoFWVV8pVI+kX66ICwbPP/M9vEa0NJGIEB/Vs5sVGMqkf67oln90XNSkbc0bPBDuo4G6FxlF7PN8g==",
            "optional": true
        },
        "esbuild-openbsd-64": {
            "version": "0.14.21",
            "resolved": "https://registry.npmjs.org/esbuild-openbsd-64/-/esbuild-openbsd-64-0.14.21.tgz",
            "integrity": "sha512-h9zLMyVD0T73MDTVYIb/qUTokwI6EJH9O6wESuTNq6+XpMSr6C5aYZ4fvFKdNELW+Xsod+yDS2hV2JTUAbFrLA==",
            "optional": true
        },
        "esbuild-sunos-64": {
            "version": "0.14.21",
            "resolved": "https://registry.npmjs.org/esbuild-sunos-64/-/esbuild-sunos-64-0.14.21.tgz",
            "integrity": "sha512-Kl+7Cot32qd9oqpLdB1tEGXEkjBlijrIxMJ0+vlDFaqsODutif25on0IZlFxEBtL2Gosd4p5WCV1U7UskNQfXA==",
            "optional": true
        },
        "esbuild-windows-32": {
            "version": "0.14.21",
            "resolved": "https://registry.npmjs.org/esbuild-windows-32/-/esbuild-windows-32-0.14.21.tgz",
            "integrity": "sha512-V7vnTq67xPBUCk/9UtlolmQ798Ecjdr1ZoI1vcSgw7M82aSSt0eZdP6bh5KAFZU8pxDcx3qoHyWQfHYr11f22A==",
            "optional": true
        },
        "esbuild-windows-64": {
            "version": "0.14.21",
            "resolved": "https://registry.npmjs.org/esbuild-windows-64/-/esbuild-windows-64-0.14.21.tgz",
            "integrity": "sha512-kDgHjKOHwjfJDCyRGELzVxiP/RBJBTA+wyspf78MTTJQkyPuxH2vChReNdWc+dU2S4gIZFHMdP1Qrl/k22ZmaA==",
            "optional": true
        },
        "esbuild-windows-arm64": {
            "version": "0.14.21",
            "resolved": "https://registry.npmjs.org/esbuild-windows-arm64/-/esbuild-windows-arm64-0.14.21.tgz",
            "integrity": "sha512-8Sbo0zpzgwWrwjQYLmHF78f7E2xg5Ve63bjB2ng3V2aManilnnTGaliq2snYg+NOX60+hEvJHRdVnuIAHW0lVw==",
            "optional": true
        },
        "fast-glob": {
            "version": "3.2.11",
            "resolved": "https://registry.npmjs.org/fast-glob/-/fast-glob-3.2.11.tgz",
            "integrity": "sha512-xrO3+1bxSo3ZVHAnqzyuewYT6aMFHRAd4Kcs92MAonjwQZLsK9d0SF1IyQ3k5PoirxTW0Oe/RqFgMQ6TcNE5Ew==",
            "requires": {
                "@nodelib/fs.stat": "^2.0.2",
                "@nodelib/fs.walk": "^1.2.3",
                "glob-parent": "^5.1.2",
                "merge2": "^1.3.0",
                "micromatch": "^4.0.4"
            }
        },
        "fastq": {
            "version": "1.13.0",
            "resolved": "https://registry.npmjs.org/fastq/-/fastq-1.13.0.tgz",
            "integrity": "sha512-YpkpUnK8od0o1hmeSc7UUs/eB/vIPWJYjKck2QKIzAf71Vm1AAQ3EbuZB3g2JIy+pg+ERD0vqI79KyZiB2e2Nw==",
            "requires": {
                "reusify": "^1.0.4"
            }
        },
        "fetch-blob": {
            "version": "3.1.4",
            "resolved": "https://registry.npmjs.org/fetch-blob/-/fetch-blob-3.1.4.tgz",
            "integrity": "sha512-Eq5Xv5+VlSrYWEqKrusxY1C3Hm/hjeAsCGVG3ft7pZahlUAChpGZT/Ms1WmSLnEAisEXszjzu/s+ce6HZB2VHA==",
            "requires": {
                "node-domexception": "^1.0.0",
                "web-streams-polyfill": "^3.0.3"
            }
        },
        "fill-range": {
            "version": "7.0.1",
            "resolved": "https://registry.npmjs.org/fill-range/-/fill-range-7.0.1.tgz",
            "integrity": "sha512-qOo9F+dMUmC2Lcb4BbVvnKJxTPjCm+RRpe4gDuGrzkL7mEVl/djYSu2OdQ2Pa302N4oqkSg9ir6jaLWJ2USVpQ==",
            "requires": {
                "to-regex-range": "^5.0.1"
            }
        },
        "form-data-encoder": {
            "version": "1.7.1",
            "resolved": "https://registry.npmjs.org/form-data-encoder/-/form-data-encoder-1.7.1.tgz",
            "integrity": "sha512-EFRDrsMm/kyqbTQocNvRXMLjc7Es2Vk+IQFx/YW7hkUH1eBl4J1fqiP34l74Yt0pFLCNpc06fkbVk00008mzjg=="
        },
        "formdata-polyfill": {
            "version": "4.0.10",
            "resolved": "https://registry.npmjs.org/formdata-polyfill/-/formdata-polyfill-4.0.10.tgz",
            "integrity": "sha512-buewHzMvYL29jdeQTVILecSaZKnt/RJWjoZCF5OW60Z67/GmSLBkOFM7qh1PI3zFNtJbaZL5eQu1vLfazOwj4g==",
            "requires": {
                "fetch-blob": "^3.1.2"
            }
        },
        "get-stream": {
            "version": "6.0.1",
            "resolved": "https://registry.npmjs.org/get-stream/-/get-stream-6.0.1.tgz",
            "integrity": "sha512-ts6Wi+2j3jQjqi70w5AlN8DFnkSwC+MqmxEzdEALB2qXZYV3X/b1CTfgPLGJNMeAWxdPfU8FO1ms3NUfaHCPYg=="
        },
        "glob-parent": {
            "version": "5.1.2",
            "resolved": "https://registry.npmjs.org/glob-parent/-/glob-parent-5.1.2.tgz",
            "integrity": "sha512-AOIgSQCepiJYwP3ARnGx+5VnTu2HBYdzbGP45eLw1vr3zB3vZLeyed1sC9hnbcOc9/SrMyM5RPQrkGz4aS9Zow==",
            "requires": {
                "is-glob": "^4.0.1"
            }
        },
        "globby": {
            "version": "13.1.1",
            "resolved": "https://registry.npmjs.org/globby/-/globby-13.1.1.tgz",
            "integrity": "sha512-XMzoDZbGZ37tufiv7g0N4F/zp3zkwdFtVbV3EHsVl1KQr4RPLfNoT068/97RPshz2J5xYNEjLKKBKaGHifBd3Q==",
            "requires": {
                "dir-glob": "^3.0.1",
                "fast-glob": "^3.2.11",
                "ignore": "^5.2.0",
                "merge2": "^1.4.1",
                "slash": "^4.0.0"
            }
        },
        "got": {
            "version": "12.0.1",
            "resolved": "https://registry.npmjs.org/got/-/got-12.0.1.tgz",
            "integrity": "sha512-1Zhoh+lDej3t7Ks1BP/Jufn+rNqdiHQgUOcTxHzg2Dao1LQfp5S4Iq0T3iBxN4Zdo7QqCJL+WJUNzDX6rCP2Ew==",
            "requires": {
                "@sindresorhus/is": "^4.2.0",
                "@szmarczak/http-timer": "^5.0.1",
                "@types/cacheable-request": "^6.0.2",
                "@types/responselike": "^1.0.0",
                "cacheable-lookup": "^6.0.4",
                "cacheable-request": "^7.0.2",
                "decompress-response": "^6.0.0",
                "form-data-encoder": "1.7.1",
                "get-stream": "^6.0.1",
                "http2-wrapper": "^2.1.9",
                "lowercase-keys": "^3.0.0",
                "p-cancelable": "^3.0.0",
                "responselike": "^2.0.0"
            }
        },
        "http-cache-semantics": {
            "version": "4.1.0",
            "resolved": "https://registry.npmjs.org/http-cache-semantics/-/http-cache-semantics-4.1.0.tgz",
            "integrity": "sha512-carPklcUh7ROWRK7Cv27RPtdhYhUsela/ue5/jKzjegVvXDqM2ILE9Q2BGn9JZJh1g87cp56su/FgQSzcWS8cQ=="
        },
        "http2-wrapper": {
            "version": "2.1.10",
            "resolved": "https://registry.npmjs.org/http2-wrapper/-/http2-wrapper-2.1.10.tgz",
            "integrity": "sha512-QHgsdYkieKp+6JbXP25P+tepqiHYd+FVnDwXpxi/BlUcoIB0nsmTOymTNvETuTO+pDuwcSklPE72VR3DqV+Haw==",
            "requires": {
                "quick-lru": "^5.1.1",
                "resolve-alpn": "^1.2.0"
            }
        },
        "ignore": {
            "version": "5.2.0",
            "resolved": "https://registry.npmjs.org/ignore/-/ignore-5.2.0.tgz",
            "integrity": "sha512-CmxgYGiEPCLhfLnpPp1MoRmifwEIOgjcHXxOBjv7mY96c+eWScsOP9c112ZyLdWHi0FxHjI+4uVhKYp/gcdRmQ=="
        },
        "is-extglob": {
            "version": "2.1.1",
            "resolved": "https://registry.npmjs.org/is-extglob/-/is-extglob-2.1.1.tgz",
            "integrity": "sha1-qIwCU1eR8C7TfHahueqXc8gz+MI="
        },
        "is-glob": {
            "version": "4.0.3",
            "resolved": "https://registry.npmjs.org/is-glob/-/is-glob-4.0.3.tgz",
            "integrity": "sha512-xelSayHH36ZgE7ZWhli7pW34hNbNl8Ojv5KVmkJD4hBdD3th8Tfk9vYasLM+mXWOZhFkgZfxhLSnrwRr4elSSg==",
            "requires": {
                "is-extglob": "^2.1.1"
            }
        },
        "is-number": {
            "version": "7.0.0",
            "resolved": "https://registry.npmjs.org/is-number/-/is-number-7.0.0.tgz",
            "integrity": "sha512-41Cifkg6e8TylSpdtTpeLVMqvSBEVzTttHvERD741+pnZ8ANv0004MRL43QKPDlK9cGvNp6NZWZUBlbGXYxxng=="
        },
        "json-buffer": {
            "version": "3.0.1",
            "resolved": "https://registry.npmjs.org/json-buffer/-/json-buffer-3.0.1.tgz",
            "integrity": "sha512-4bV5BfR2mqfQTJm+V5tPPdf+ZpuhiIvTuAB5g8kcrXOZpTT/QwwVRWBywX1ozr6lEuPdbHxwaJlm9G6mI2sfSQ=="
        },
        "keyv": {
            "version": "4.1.1",
            "resolved": "https://registry.npmjs.org/keyv/-/keyv-4.1.1.tgz",
            "integrity": "sha512-tGv1yP6snQVDSM4X6yxrv2zzq/EvpW+oYiUz6aueW1u9CtS8RzUQYxxmFwgZlO2jSgCxQbchhxaqXXp2hnKGpQ==",
            "requires": {
                "json-buffer": "3.0.1"
            }
        },
        "lodash": {
            "version": "4.17.21",
            "resolved": "https://registry.npmjs.org/lodash/-/lodash-4.17.21.tgz",
            "integrity": "sha512-v2kDEe57lecTulaDIuNTPy3Ry4gLGJ6Z1O3vE1krgXZNrsQ+LFTGHVxVjcXPs17LhbZVGedAJv8XZ1tvj5FvSg=="
        },
        "lowercase-keys": {
            "version": "3.0.0",
            "resolved": "https://registry.npmjs.org/lowercase-keys/-/lowercase-keys-3.0.0.tgz",
            "integrity": "sha512-ozCC6gdQ+glXOQsveKD0YsDy8DSQFjDTz4zyzEHNV5+JP5D62LmfDZ6o1cycFx9ouG940M5dE8C8CTewdj2YWQ=="
        },
        "make-error": {
            "version": "1.3.6",
            "resolved": "https://registry.npmjs.org/make-error/-/make-error-1.3.6.tgz",
            "integrity": "sha512-s8UhlNe7vPKomQhC1qFelMokr/Sc3AgNbso3n74mVPA5LTZwkB9NlXf4XPamLxJE8h0gh73rM94xvwRT2CVInw=="
        },
        "merge2": {
            "version": "1.4.1",
            "resolved": "https://registry.npmjs.org/merge2/-/merge2-1.4.1.tgz",
            "integrity": "sha512-8q7VEgMJW4J8tcfVPy8g09NcQwZdbwFEqhe/WZkoIzjn/3TGDwtOCYtXGxA3O8tPzpczCCDgv+P2P5y00ZJOOg=="
        },
        "micromatch": {
            "version": "4.0.4",
            "resolved": "https://registry.npmjs.org/micromatch/-/micromatch-4.0.4.tgz",
            "integrity": "sha512-pRmzw/XUcwXGpD9aI9q/0XOwLNygjETJ8y0ao0wdqprrzDa4YnxLcz7fQRZr8voh8V10kGhABbNcHVk5wHgWwg==",
            "requires": {
                "braces": "^3.0.1",
                "picomatch": "^2.2.3"
            }
        },
        "mimic-response": {
            "version": "1.0.1",
            "resolved": "https://registry.npmjs.org/mimic-response/-/mimic-response-1.0.1.tgz",
            "integrity": "sha512-j5EctnkH7amfV/q5Hgmoal1g2QHFJRraOtmx0JpIqkxhBhI/lJSl1nMpQ45hVarwNETOoWEimndZ4QK0RHxuxQ=="
        },
        "minimatch": {
            "version": "3.0.5",
            "resolved": "https://registry.npmjs.org/minimatch/-/minimatch-3.0.5.tgz",
            "integrity": "sha512-tUpxzX0VAzJHjLu0xUfFv1gwVp9ba3IOuRAVH2EGuRW8a5emA2FlACLqiT/lDVtS1W+TGNwqz3sWaNyLgDJWuw==",
            "requires": {
                "brace-expansion": "^1.1.7"
            }
        },
        "mkdirp": {
            "version": "1.0.4",
            "resolved": "https://registry.npmjs.org/mkdirp/-/mkdirp-1.0.4.tgz",
            "integrity": "sha512-vVqVZQyf3WLx2Shd0qJ9xuvqgAyKPLAiqITEtqW0oIUjzo3PePDd6fW9iFz30ef7Ysp/oiWqbhszeGWW2T6Gzw=="
        },
        "node-domexception": {
            "version": "1.0.0",
            "resolved": "https://registry.npmjs.org/node-domexception/-/node-domexception-1.0.0.tgz",
            "integrity": "sha512-/jKZoMpw0F8GRwl4/eLROPA3cfcXtLApP0QzLmUT/HuPCZWyB7IY9ZrMeKw2O/nFIqPQB3PVM9aYm0F312AXDQ=="
        },
        "node-fetch": {
            "version": "3.2.0",
            "resolved": "https://registry.npmjs.org/node-fetch/-/node-fetch-3.2.0.tgz",
            "integrity": "sha512-8xeimMwMItMw8hRrOl3C9/xzU49HV/yE6ORew/l+dxWimO5A4Ra8ld2rerlJvc/O7et5Z1zrWsPX43v1QBjCxw==",
            "requires": {
                "data-uri-to-buffer": "^4.0.0",
                "fetch-blob": "^3.1.4",
                "formdata-polyfill": "^4.0.10"
            }
        },
        "normalize-url": {
            "version": "6.1.0",
            "resolved": "https://registry.npmjs.org/normalize-url/-/normalize-url-6.1.0.tgz",
            "integrity": "sha512-DlL+XwOy3NxAQ8xuC0okPgK46iuVNAK01YN7RueYBqqFeGsBjV9XmCAzAdgt+667bCl5kPh9EqKKDwnaPG1I7A=="
        },
        "once": {
            "version": "1.4.0",
            "resolved": "https://registry.npmjs.org/once/-/once-1.4.0.tgz",
            "integrity": "sha1-WDsap3WWHUsROsF9nFC6753Xa9E=",
            "requires": {
                "wrappy": "1"
            }
        },
        "p-cancelable": {
            "version": "3.0.0",
            "resolved": "https://registry.npmjs.org/p-cancelable/-/p-cancelable-3.0.0.tgz",
            "integrity": "sha512-mlVgR3PGuzlo0MmTdk4cXqXWlwQDLnONTAg6sm62XkMJEiRxN3GL3SffkYvqwonbkJBcrI7Uvv5Zh9yjvn2iUw=="
        },
        "path-browserify": {
            "version": "1.0.1",
            "resolved": "https://registry.npmjs.org/path-browserify/-/path-browserify-1.0.1.tgz",
            "integrity": "sha512-b7uo2UCUOYZcnF/3ID0lulOJi/bafxa1xPe7ZPsammBSpjSWQkjNxlt635YGS2MiR9GjvuXCtz2emr3jbsz98g=="
        },
        "path-type": {
            "version": "4.0.0",
            "resolved": "https://registry.npmjs.org/path-type/-/path-type-4.0.0.tgz",
            "integrity": "sha512-gDKb8aZMDeD/tZWs9P6+q0J9Mwkdl6xMV8TjnGP3qJVJ06bdMgkbBlLU8IdfOsIsFz2BW1rNVT3XuNEl8zPAvw=="
        },
        "picomatch": {
            "version": "2.3.1",
            "resolved": "https://registry.npmjs.org/picomatch/-/picomatch-2.3.1.tgz",
            "integrity": "sha512-JU3teHTNjmE2VCGFzuY8EXzCDVwEqB2a8fsIvwaStHhAWJEeVd1o1QD80CU6+ZdEXXSLbSsuLwJjkCBWqRQUVA=="
        },
        "pump": {
            "version": "3.0.0",
            "resolved": "https://registry.npmjs.org/pump/-/pump-3.0.0.tgz",
            "integrity": "sha512-LwZy+p3SFs1Pytd/jYct4wpv49HiYCqd9Rlc5ZVdk0V+8Yzv6jR5Blk3TRmPL1ft69TxP0IMZGJ+WPFU2BFhww==",
            "requires": {
                "end-of-stream": "^1.1.0",
                "once": "^1.3.1"
            }
        },
        "queue-microtask": {
            "version": "1.2.3",
            "resolved": "https://registry.npmjs.org/queue-microtask/-/queue-microtask-1.2.3.tgz",
            "integrity": "sha512-NuaNSa6flKT5JaSYQzJok04JzTL1CA6aGhv5rfLW3PgqA+M2ChpZQnAC8h8i4ZFkBS8X5RqkDBHA7r4hej3K9A=="
        },
        "quick-lru": {
            "version": "5.1.1",
            "resolved": "https://registry.npmjs.org/quick-lru/-/quick-lru-5.1.1.tgz",
            "integrity": "sha512-WuyALRjWPDGtt/wzJiadO5AXY+8hZ80hVpe6MyivgraREW751X3SbhRvG3eLKOYN+8VEvqLcf3wdnt44Z4S4SA=="
        },
        "resolve-alpn": {
            "version": "1.2.1",
            "resolved": "https://registry.npmjs.org/resolve-alpn/-/resolve-alpn-1.2.1.tgz",
            "integrity": "sha512-0a1F4l73/ZFZOakJnQ3FvkJ2+gSTQWz/r2KE5OdDY0TxPm5h4GkqkWWfM47T7HsbnOtcJVEF4epCVy6u7Q3K+g=="
        },
        "responselike": {
            "version": "2.0.0",
            "resolved": "https://registry.npmjs.org/responselike/-/responselike-2.0.0.tgz",
            "integrity": "sha512-xH48u3FTB9VsZw7R+vvgaKeLKzT6jOogbQhEe/jewwnZgzPcnyWui2Av6JpoYZF/91uueC+lqhWqeURw5/qhCw==",
            "requires": {
                "lowercase-keys": "^2.0.0"
            },
            "dependencies": {
                "lowercase-keys": {
                    "version": "2.0.0",
                    "resolved": "https://registry.npmjs.org/lowercase-keys/-/lowercase-keys-2.0.0.tgz",
                    "integrity": "sha512-tqNXrS78oMOE73NMxK4EMLQsQowWf8jKooH9g7xPavRT706R6bkQJ6DY2Te7QukaZsulxa30wQ7bk0pm4XiHmA=="
                }
            }
        },
        "reusify": {
            "version": "1.0.4",
            "resolved": "https://registry.npmjs.org/reusify/-/reusify-1.0.4.tgz",
            "integrity": "sha512-U9nH88a3fc/ekCF1l0/UP1IosiuIjyTh7hBvXVMHYgVcfGvt897Xguj2UOLDeI5BG2m7/uwyaLVT6fbtCwTyzw=="
        },
        "run-parallel": {
            "version": "1.2.0",
            "resolved": "https://registry.npmjs.org/run-parallel/-/run-parallel-1.2.0.tgz",
            "integrity": "sha512-5l4VyZR86LZ/lDxZTR6jqL8AFE2S0IFLMP26AbjsLVADxHdhB/c0GUsH+y39UfCi3dzz8OlQuPmnaJOMoDHQBA==",
            "requires": {
                "queue-microtask": "^1.2.2"
            }
        },
        "shell-scripter": {
            "version": "github:cspotcode/node-shell#230806e08576288d0a076c0db862fd2b7a1611b4",
            "from": "github:cspotcode/node-shell#230806e08576288d0a076c0db862fd2b7a1611b4",
            "requires": {
                "@cspotcode/zx": "*",
                "@swc/core": "*",
                "clipanion": "*",
                "esbuild": "*",
                "got": "*",
                "ts-node": "*",
                "typanion": "*",
                "typescript": "*"
            }
        },
        "slash": {
            "version": "4.0.0",
            "resolved": "https://registry.npmjs.org/slash/-/slash-4.0.0.tgz",
            "integrity": "sha512-3dOsAHXXUkQTpOYcoAxLIorMTp4gIQr5IW3iVb7A7lFIp0VHhnynm9izx6TssdrIcVIESAlVjtnO2K8bg+Coew=="
        },
        "to-regex-range": {
            "version": "5.0.1",
            "resolved": "https://registry.npmjs.org/to-regex-range/-/to-regex-range-5.0.1.tgz",
            "integrity": "sha512-65P7iz6X5yEr1cwcgvQxbbIw7Uk3gOy5dIdtZ4rDveLqhrdJP+Li/Hx6tyK0NEb+2GCyneCMJiGqrADCSNk8sQ==",
            "requires": {
                "is-number": "^7.0.0"
            }
        },
        "ts-morph": {
            "version": "13.0.3",
            "resolved": "https://registry.npmjs.org/ts-morph/-/ts-morph-13.0.3.tgz",
            "integrity": "sha512-pSOfUMx8Ld/WUreoSzvMFQG5i9uEiWIsBYjpU9+TTASOeUa89j5HykomeqVULm1oqWtBdleI3KEFRLrlA3zGIw==",
            "requires": {
                "@ts-morph/common": "~0.12.3",
                "code-block-writer": "^11.0.0"
            }
        },
        "ts-node": {
            "version": "10.5.0",
            "resolved": "https://registry.npmjs.org/ts-node/-/ts-node-10.5.0.tgz",
            "integrity": "sha512-6kEJKwVxAJ35W4akuiysfKwKmjkbYxwQMTBaAxo9KKAx/Yd26mPUyhGz3ji+EsJoAgrLqVsYHNuuYwQe22lbtw==",
            "requires": {
                "@cspotcode/source-map-support": "0.7.0",
                "@tsconfig/node10": "^1.0.7",
                "@tsconfig/node12": "^1.0.7",
                "@tsconfig/node14": "^1.0.0",
                "@tsconfig/node16": "^1.0.2",
                "acorn": "^8.4.1",
                "acorn-walk": "^8.1.1",
                "arg": "^4.1.0",
                "create-require": "^1.1.0",
                "diff": "^4.0.1",
                "make-error": "^1.1.1",
                "v8-compile-cache-lib": "^3.0.0",
                "yn": "3.1.1"
            }
        },
        "tslib": {
            "version": "2.3.1",
            "resolved": "https://registry.npmjs.org/tslib/-/tslib-2.3.1.tgz",
            "integrity": "sha512-77EbyPPpMz+FRFRuAFlWMtmgUWGe9UOG2Z25NqCwiIjRhOf5iKGuzSe5P2w1laq+FkRy4p+PCuVkJSGkzTEKVw=="
        },
        "typanion": {
            "version": "3.7.1",
            "resolved": "https://registry.npmjs.org/typanion/-/typanion-3.7.1.tgz",
            "integrity": "sha512-g2QDI/ZLpuEor9EnJ1b7s9S2QSJgNCPBw9ZCSkQdqXNjg5ZQs4mASgW/elVifSxISFwBeMaIAmMBP5luAOIKAw=="
        },
        "typescript": {
            "version": "4.5.5",
            "resolved": "https://registry.npmjs.org/typescript/-/typescript-4.5.5.tgz",
            "integrity": "sha512-TCTIul70LyWe6IJWT8QSYeA54WQe8EjQFU4wY52Fasj5UKx88LNYKCgBEHcOMOrFF1rKGbD8v/xcNWVUq9SymA=="
        },
        "v8-compile-cache-lib": {
            "version": "3.0.0",
            "resolved": "https://registry.npmjs.org/v8-compile-cache-lib/-/v8-compile-cache-lib-3.0.0.tgz",
            "integrity": "sha512-mpSYqfsFvASnSn5qMiwrr4VKfumbPyONLCOPmsR3A6pTY/r0+tSaVbgPWSAIuzbk3lCTa+FForeTiO+wBQGkjA=="
        },
        "web-streams-polyfill": {
            "version": "3.2.0",
            "resolved": "https://registry.npmjs.org/web-streams-polyfill/-/web-streams-polyfill-3.2.0.tgz",
            "integrity": "sha512-EqPmREeOzttaLRm5HS7io98goBgZ7IVz79aDvqjD0kYXLtFZTc0T/U6wHTPKyIjb+MdN7DFIIX6hgdBEpWmfPA=="
        },
        "wrappy": {
            "version": "1.0.2",
            "resolved": "https://registry.npmjs.org/wrappy/-/wrappy-1.0.2.tgz",
            "integrity": "sha1-tSQ9jz7BqjXxNkYFvA0QNuMKtp8="
        },
        "yn": {
            "version": "3.1.1",
            "resolved": "https://registry.npmjs.org/yn/-/yn-3.1.1.tgz",
            "integrity": "sha512-Ux4ygGWsu2c7isFWe8Yu1YluJmqVhxqK2cLXNQA5AcC3QfbGNpM7fu0Y8b/z16pXLnFxZYvWhd3fhBY9DLmC6Q=="
        }
    }
}
